
Microsoft Visual Studio Solution File, Format Version 12.00
# Visual Studio Version 16
VisualStudioVersion = 16.0.30711.63
MinimumVisualStudioVersion = 10.0.40219.1
Project("{9A19103F-16F7-4668-BE54-9A1E7A4F7556}") = "Theia", "Theia\Theia.csproj", "{D5BC4395-59B1-44CD-A0B5-850CE9A6BE86}"
EndProject
Project("{9A19103F-16F7-4668-BE54-9A1E7A4F7556}") = "TheiaData", "TheiaData\TheiaData.csproj", "{5896BFBA-4034-464A-B811-F7C3C3892320}"
EndProject
Project("{9A19103F-16F7-4668-BE54-9A1E7A4F7556}") = "MigrationsMySql", "MigrationsMySql\MigrationsMySql.csproj", "{54D3ABCC-A0C9-4D9B-BF91-CF6152A7D2D0}"
EndProject
Project("{9A19103F-16F7-4668-BE54-9A1E7A4F7556}") = "MigrationsSqlServer", "MigrationsSqlServer\MigrationsSqlServer.csproj", "{9F737B9E-C586-44DD-8F18-A481DA0D3E59}"
EndProject
Global
	GlobalSection(SolutionConfigurationPlatforms) = preSolution
		Debug|Any CPU = Debug|Any CPU
		Release|Any CPU = Release|Any CPU
	EndGlobalSection
	GlobalSection(ProjectConfigurationPlatforms) = postSolution
		{D5BC4395-59B1-44CD-A0B5-850CE9A6BE86}.Debug|Any CPU.ActiveCfg = Debug|Any CPU
		{D5BC4395-59B1-44CD-A0B5-850CE9A6BE86}.Debug|Any CPU.Build.0 = Debug|Any CPU
		{D5BC4395-59B1-44CD-A0B5-850CE9A6BE86}.Release|Any CPU.ActiveCfg = Release|Any CPU
		{D5BC4395-59B1-44CD-A0B5-850CE9A6BE86}.Release|Any CPU.Build.0 = Release|Any CPU
		{5896BFBA-4034-464A-B811-F7C3C3892320}.Debug|Any CPU.ActiveCfg = Debug|Any CPU
		{5896BFBA-4034-464A-B811-F7C3C3892320}.Debug|Any CPU.Build.0 = Debug|Any CPU
		{5896BFBA-4034-464A-B811-F7C3C3892320}.Release|Any CPU.ActiveCfg = Release|Any CPU
		{5896BFBA-4034-464A-B811-F7C3C3892320}.Release|Any CPU.Build.0 = Release|Any CPU
		{54D3ABCC-A0C9-4D9B-BF91-CF6152A7D2D0}.Debug|Any CPU.ActiveCfg = Debug|Any CPU
		{54D3ABCC-A0C9-4D9B-BF91-CF6152A7D2D0}.Debug|Any CPU.Build.0 = Debug|Any CPU
		{54D3ABCC-A0C9-4D9B-BF91-CF6152A7D2D0}.Release|Any CPU.ActiveCfg = Release|Any CPU
		{54D3ABCC-A0C9-4D9B-BF91-CF6152A7D2D0}.Release|Any CPU.Build.0 = Release|Any CPU
		{9F737B9E-C586-44DD-8F18-A481DA0D3E59}.Debug|Any CPU.ActiveCfg = Debug|Any CPU
		{9F737B9E-C586-44DD-8F18-A481DA0D3E59}.Debug|Any CPU.Build.0 = Debug|Any CPU
		{9F737B9E-C586-44DD-8F18-A481DA0D3E59}.Release|Any CPU.ActiveCfg = Release|Any CPU
		{9F737B9E-C586-44DD-8F18-A481DA0D3E59}.Release|Any CPU.Build.0 = Release|Any CPU
	EndGlobalSection
	GlobalSection(SolutionProperties) = preSolution
		HideSolutionNode = FALSE
	EndGlobalSection
	GlobalSection(ExtensibilityGlobals) = postSolution
		SolutionGuid = {3E737791-45D0-41CF-AC8E-EE72FD9AAA7B}
	EndGlobalSection
EndGlobal
